// !$*UTF8*$!
{
	archiveVersion = 1;
	classes = {
	};
	objectVersion = 51;
	objects = {

/* Begin PBXBuildFile section */
		363A92C52335B0B4000D5628 /* Networking.swift in Sources */ = {isa = PBXBuildFile; fileRef = 363A92C32335B0B4000D5628 /* Networking.swift */; };
		363A92C82335C0F9000D5628 /* Users.swift in Sources */ = {isa = PBXBuildFile; fileRef = 363A92C72335C0F9000D5628 /* Users.swift */; };
		3646A3512335AAAE00429C76 /* AppDelegate.swift in Sources */ = {isa = PBXBuildFile; fileRef = 3646A3502335AAAE00429C76 /* AppDelegate.swift */; };
		3646A3532335AAAE00429C76 /* UsersViewController.swift in Sources */ = {isa = PBXBuildFile; fileRef = 3646A3522335AAAE00429C76 /* UsersViewController.swift */; };
		3646A3562335AAAE00429C76 /* Main.storyboard in Resources */ = {isa = PBXBuildFile; fileRef = 3646A3542335AAAE00429C76 /* Main.storyboard */; };
		3646A35B2335AAAE00429C76 /* Assets.xcassets in Resources */ = {isa = PBXBuildFile; fileRef = 3646A35A2335AAAE00429C76 /* Assets.xcassets */; };
		3646A35E2335AAAE00429C76 /* LaunchScreen.storyboard in Resources */ = {isa = PBXBuildFile; fileRef = 3646A35C2335AAAE00429C76 /* LaunchScreen.storyboard */; };
		3646A3692335AAAE00429C76 /* WheelsCodingChallengeTests.swift in Sources */ = {isa = PBXBuildFile; fileRef = 3646A3682335AAAE00429C76 /* WheelsCodingChallengeTests.swift */; };
		3646A3742335AAAE00429C76 /* WheelsCodingChallengeUITests.swift in Sources */ = {isa = PBXBuildFile; fileRef = 3646A3732335AAAE00429C76 /* WheelsCodingChallengeUITests.swift */; };
		3687DAB82336618500C1505C /* WheelsCodingChallenge.xcdatamodeld in Sources */ = {isa = PBXBuildFile; fileRef = 3687DAB62336618400C1505C /* WheelsCodingChallenge.xcdatamodeld */; };
		3687DABB233662FB00C1505C /* UsersTableViewController.swift in Sources */ = {isa = PBXBuildFile; fileRef = 3687DABA233662FB00C1505C /* UsersTableViewController.swift */; };
		3687DABF2336E83A00C1505C /* UsersTableViewCell.swift in Sources */ = {isa = PBXBuildFile; fileRef = 3687DABE2336E83A00C1505C /* UsersTableViewCell.swift */; };
		3687DAC423370E4F00C1505C /* AddUserViewController.m in Sources */ = {isa = PBXBuildFile; fileRef = 3687DAC323370E4F00C1505C /* AddUserViewController.m */; };
		5976B8D0D9C978351082628B /* libPods-WheelsCodingChallengeTests.a in Frameworks */ = {isa = PBXBuildFile; fileRef = 15266823BC157ADB42617227 /* libPods-WheelsCodingChallengeTests.a */; };
		A7B061C787E40DDEDA4B76BF /* Pods_WheelsCodingChallenge.framework in Frameworks */ = {isa = PBXBuildFile; fileRef = 269BE978AAD81B1E237C9F61 /* Pods_WheelsCodingChallenge.framework */; };
		F5B2434A27C0209EB0A5DEEF /* libPods-WheelsCodingChallengeUITests.a in Frameworks */ = {isa = PBXBuildFile; fileRef = F7B8544DFB480155F85C9565 /* libPods-WheelsCodingChallengeUITests.a */; };
/* End PBXBuildFile section */

/* Begin PBXContainerItemProxy section */
		3646A3652335AAAE00429C76 /* PBXContainerItemProxy */ = {
			isa = PBXContainerItemProxy;
			containerPortal = 3646A3452335AAAE00429C76 /* Project object */;
			proxyType = 1;
			remoteGlobalIDString = 3646A34C2335AAAE00429C76;
			remoteInfo = WheelsCodingChallenge;
		};
		3646A3702335AAAE00429C76 /* PBXContainerItemProxy */ = {
			isa = PBXContainerItemProxy;
			containerPortal = 3646A3452335AAAE00429C76 /* Project object */;
			proxyType = 1;
			remoteGlobalIDString = 3646A34C2335AAAE00429C76;
			remoteInfo = WheelsCodingChallenge;
		};
/* End PBXContainerItemProxy section */

/* Begin PBXFileReference section */
		15266823BC157ADB42617227 /* libPods-WheelsCodingChallengeTests.a */ = {isa = PBXFileReference; explicitFileType = archive.ar; includeInIndex = 0; path = "libPods-WheelsCodingChallengeTests.a"; sourceTree = BUILT_PRODUCTS_DIR; };
		269BE978AAD81B1E237C9F61 /* Pods_WheelsCodingChallenge.framework */ = {isa = PBXFileReference; explicitFileType = wrapper.framework; includeInIndex = 0; path = Pods_WheelsCodingChallenge.framework; sourceTree = BUILT_PRODUCTS_DIR; };
		27CFBADE1FC7BD9B38ADBB01 /* Pods-WheelsCodingChallengeUITests.release.xcconfig */ = {isa = PBXFileReference; includeInIndex = 1; lastKnownFileType = text.xcconfig; name = "Pods-WheelsCodingChallengeUITests.release.xcconfig"; path = "Target Support Files/Pods-WheelsCodingChallengeUITests/Pods-WheelsCodingChallengeUITests.release.xcconfig"; sourceTree = "<group>"; };
		363A92C32335B0B4000D5628 /* Networking.swift */ = {isa = PBXFileReference; fileEncoding = 4; lastKnownFileType = sourcecode.swift; path = Networking.swift; sourceTree = "<group>"; };
		363A92C72335C0F9000D5628 /* Users.swift */ = {isa = PBXFileReference; lastKnownFileType = sourcecode.swift; path = Users.swift; sourceTree = "<group>"; };
		3646A34D2335AAAE00429C76 /* WheelsCodingChallenge.app */ = {isa = PBXFileReference; explicitFileType = wrapper.application; includeInIndex = 0; path = WheelsCodingChallenge.app; sourceTree = BUILT_PRODUCTS_DIR; };
		3646A3502335AAAE00429C76 /* AppDelegate.swift */ = {isa = PBXFileReference; lastKnownFileType = sourcecode.swift; path = AppDelegate.swift; sourceTree = "<group>"; };
		3646A3522335AAAE00429C76 /* UsersViewController.swift */ = {isa = PBXFileReference; lastKnownFileType = sourcecode.swift; path = UsersViewController.swift; sourceTree = "<group>"; };
		3646A3552335AAAE00429C76 /* Base */ = {isa = PBXFileReference; lastKnownFileType = file.storyboard; name = Base; path = Base.lproj/Main.storyboard; sourceTree = "<group>"; };
		3646A35A2335AAAE00429C76 /* Assets.xcassets */ = {isa = PBXFileReference; lastKnownFileType = folder.assetcatalog; path = Assets.xcassets; sourceTree = "<group>"; };
		3646A35D2335AAAE00429C76 /* Base */ = {isa = PBXFileReference; lastKnownFileType = file.storyboard; name = Base; path = Base.lproj/LaunchScreen.storyboard; sourceTree = "<group>"; };
		3646A35F2335AAAE00429C76 /* Info.plist */ = {isa = PBXFileReference; lastKnownFileType = text.plist.xml; path = Info.plist; sourceTree = "<group>"; };
		3646A3642335AAAE00429C76 /* WheelsCodingChallengeTests.xctest */ = {isa = PBXFileReference; explicitFileType = wrapper.cfbundle; includeInIndex = 0; path = WheelsCodingChallengeTests.xctest; sourceTree = BUILT_PRODUCTS_DIR; };
		3646A3682335AAAE00429C76 /* WheelsCodingChallengeTests.swift */ = {isa = PBXFileReference; lastKnownFileType = sourcecode.swift; path = WheelsCodingChallengeTests.swift; sourceTree = "<group>"; };
		3646A36A2335AAAE00429C76 /* Info.plist */ = {isa = PBXFileReference; lastKnownFileType = text.plist.xml; path = Info.plist; sourceTree = "<group>"; };
		3646A36F2335AAAE00429C76 /* WheelsCodingChallengeUITests.xctest */ = {isa = PBXFileReference; explicitFileType = wrapper.cfbundle; includeInIndex = 0; path = WheelsCodingChallengeUITests.xctest; sourceTree = BUILT_PRODUCTS_DIR; };
		3646A3732335AAAE00429C76 /* WheelsCodingChallengeUITests.swift */ = {isa = PBXFileReference; lastKnownFileType = sourcecode.swift; path = WheelsCodingChallengeUITests.swift; sourceTree = "<group>"; };
		3646A3752335AAAE00429C76 /* Info.plist */ = {isa = PBXFileReference; lastKnownFileType = text.plist.xml; path = Info.plist; sourceTree = "<group>"; };
		3687DAB72336618500C1505C /* WheelsCodingChallenge.xcdatamodel */ = {isa = PBXFileReference; lastKnownFileType = wrapper.xcdatamodel; path = WheelsCodingChallenge.xcdatamodel; sourceTree = "<group>"; };
		3687DABA233662FB00C1505C /* UsersTableViewController.swift */ = {isa = PBXFileReference; lastKnownFileType = sourcecode.swift; path = UsersTableViewController.swift; sourceTree = "<group>"; };
		3687DABE2336E83A00C1505C /* UsersTableViewCell.swift */ = {isa = PBXFileReference; lastKnownFileType = sourcecode.swift; path = UsersTableViewCell.swift; sourceTree = "<group>"; };
		3687DAC123370E4F00C1505C /* WheelsCodingChallenge-Bridging-Header.h */ = {isa = PBXFileReference; lastKnownFileType = sourcecode.c.h; path = "WheelsCodingChallenge-Bridging-Header.h"; sourceTree = "<group>"; };
		3687DAC223370E4F00C1505C /* AddUserViewController.h */ = {isa = PBXFileReference; lastKnownFileType = sourcecode.c.h; path = AddUserViewController.h; sourceTree = "<group>"; };
		3687DAC323370E4F00C1505C /* AddUserViewController.m */ = {isa = PBXFileReference; lastKnownFileType = sourcecode.c.objc; path = AddUserViewController.m; sourceTree = "<group>"; };
		43D3868D362D695444BCB1E8 /* Pods-WheelsCodingChallenge.debug.xcconfig */ = {isa = PBXFileReference; includeInIndex = 1; lastKnownFileType = text.xcconfig; name = "Pods-WheelsCodingChallenge.debug.xcconfig"; path = "Target Support Files/Pods-WheelsCodingChallenge/Pods-WheelsCodingChallenge.debug.xcconfig"; sourceTree = "<group>"; };
		45AF77B220A59C63AA182B19 /* Pods-WheelsCodingChallengeTests.release.xcconfig */ = {isa = PBXFileReference; includeInIndex = 1; lastKnownFileType = text.xcconfig; name = "Pods-WheelsCodingChallengeTests.release.xcconfig"; path = "Target Support Files/Pods-WheelsCodingChallengeTests/Pods-WheelsCodingChallengeTests.release.xcconfig"; sourceTree = "<group>"; };
		5B9B33EC280496200EA5C3B6 /* Pods-WheelsCodingChallenge.release.xcconfig */ = {isa = PBXFileReference; includeInIndex = 1; lastKnownFileType = text.xcconfig; name = "Pods-WheelsCodingChallenge.release.xcconfig"; path = "Target Support Files/Pods-WheelsCodingChallenge/Pods-WheelsCodingChallenge.release.xcconfig"; sourceTree = "<group>"; };
		F7B8544DFB480155F85C9565 /* libPods-WheelsCodingChallengeUITests.a */ = {isa = PBXFileReference; explicitFileType = archive.ar; includeInIndex = 0; path = "libPods-WheelsCodingChallengeUITests.a"; sourceTree = BUILT_PRODUCTS_DIR; };
		F8ADCCDD9EBC2001B60739A4 /* Pods-WheelsCodingChallengeUITests.debug.xcconfig */ = {isa = PBXFileReference; includeInIndex = 1; lastKnownFileType = text.xcconfig; name = "Pods-WheelsCodingChallengeUITests.debug.xcconfig"; path = "Target Support Files/Pods-WheelsCodingChallengeUITests/Pods-WheelsCodingChallengeUITests.debug.xcconfig"; sourceTree = "<group>"; };
		FA8BB7B36BC84B2CCA88EB93 /* Pods-WheelsCodingChallengeTests.debug.xcconfig */ = {isa = PBXFileReference; includeInIndex = 1; lastKnownFileType = text.xcconfig; name = "Pods-WheelsCodingChallengeTests.debug.xcconfig"; path = "Target Support Files/Pods-WheelsCodingChallengeTests/Pods-WheelsCodingChallengeTests.debug.xcconfig"; sourceTree = "<group>"; };
/* End PBXFileReference section */

/* Begin PBXFrameworksBuildPhase section */
		3646A34A2335AAAE00429C76 /* Frameworks */ = {
			isa = PBXFrameworksBuildPhase;
			buildActionMask = 2147483647;
			files = (
				A7B061C787E40DDEDA4B76BF /* Pods_WheelsCodingChallenge.framework in Frameworks */,
			);
			runOnlyForDeploymentPostprocessing = 0;
		};
		3646A3612335AAAE00429C76 /* Frameworks */ = {
			isa = PBXFrameworksBuildPhase;
			buildActionMask = 2147483647;
			files = (
				5976B8D0D9C978351082628B /* libPods-WheelsCodingChallengeTests.a in Frameworks */,
			);
			runOnlyForDeploymentPostprocessing = 0;
		};
		3646A36C2335AAAE00429C76 /* Frameworks */ = {
			isa = PBXFrameworksBuildPhase;
			buildActionMask = 2147483647;
			files = (
				F5B2434A27C0209EB0A5DEEF /* libPods-WheelsCodingChallengeUITests.a in Frameworks */,
			);
			runOnlyForDeploymentPostprocessing = 0;
		};
/* End PBXFrameworksBuildPhase section */

/* Begin PBXGroup section */
		363A92C12335B070000D5628 /* Networking */ = {
			isa = PBXGroup;
			children = (
				363A92C32335B0B4000D5628 /* Networking.swift */,
				363A92C62335BF34000D5628 /* Models */,
			);
			path = Networking;
			sourceTree = "<group>";
		};
		363A92C62335BF34000D5628 /* Models */ = {
			isa = PBXGroup;
			children = (
				363A92C72335C0F9000D5628 /* Users.swift */,
			);
			path = Models;
			sourceTree = "<group>";
		};
		3646A3442335AAAE00429C76 = {
			isa = PBXGroup;
			children = (
				3646A34F2335AAAE00429C76 /* WheelsCodingChallenge */,
				3646A3672335AAAE00429C76 /* WheelsCodingChallengeTests */,
				3646A3722335AAAE00429C76 /* WheelsCodingChallengeUITests */,
				3646A34E2335AAAE00429C76 /* Products */,
				EDDFB25E9B81B8E2626EEFBB /* Pods */,
				C5BD1650CD286D916F1F239A /* Frameworks */,
			);
			sourceTree = "<group>";
		};
		3646A34E2335AAAE00429C76 /* Products */ = {
			isa = PBXGroup;
			children = (
				3646A34D2335AAAE00429C76 /* WheelsCodingChallenge.app */,
				3646A3642335AAAE00429C76 /* WheelsCodingChallengeTests.xctest */,
				3646A36F2335AAAE00429C76 /* WheelsCodingChallengeUITests.xctest */,
			);
			name = Products;
			sourceTree = "<group>";
		};
		3646A34F2335AAAE00429C76 /* WheelsCodingChallenge */ = {
			isa = PBXGroup;
			children = (
				3646A3812335AB9800429C76 /* ApplicationDelegate */,
				3646A3822335ABCC00429C76 /* ViewControllers */,
				363A92C12335B070000D5628 /* Networking */,
				3646A3832335ABE500429C76 /* Storyboards */,
				3687DAB52336601900C1505C /* Miscellaneous */,
			);
			path = WheelsCodingChallenge;
			sourceTree = "<group>";
		};
		3646A3672335AAAE00429C76 /* WheelsCodingChallengeTests */ = {
			isa = PBXGroup;
			children = (
				3646A3682335AAAE00429C76 /* WheelsCodingChallengeTests.swift */,
				3646A36A2335AAAE00429C76 /* Info.plist */,
			);
			path = WheelsCodingChallengeTests;
			sourceTree = "<group>";
		};
		3646A3722335AAAE00429C76 /* WheelsCodingChallengeUITests */ = {
			isa = PBXGroup;
			children = (
				3646A3732335AAAE00429C76 /* WheelsCodingChallengeUITests.swift */,
				3646A3752335AAAE00429C76 /* Info.plist */,
			);
			path = WheelsCodingChallengeUITests;
			sourceTree = "<group>";
		};
		3646A3812335AB9800429C76 /* ApplicationDelegate */ = {
			isa = PBXGroup;
			children = (
				3646A3502335AAAE00429C76 /* AppDelegate.swift */,
			);
			path = ApplicationDelegate;
			sourceTree = "<group>";
		};
		3646A3822335ABCC00429C76 /* ViewControllers */ = {
			isa = PBXGroup;
			children = (
				3687DAC023370E1E00C1505C /* AddUser */,
				3687DAB9233662DA00C1505C /* Users */,
			);
			path = ViewControllers;
			sourceTree = "<group>";
		};
		3646A3832335ABE500429C76 /* Storyboards */ = {
			isa = PBXGroup;
			children = (
				3646A35C2335AAAE00429C76 /* LaunchScreen.storyboard */,
			);
			path = Storyboards;
			sourceTree = "<group>";
		};
		3687DAB52336601900C1505C /* Miscellaneous */ = {
			isa = PBXGroup;
			children = (
				3646A35A2335AAAE00429C76 /* Assets.xcassets */,
				3646A35F2335AAAE00429C76 /* Info.plist */,
				3687DAB62336618400C1505C /* WheelsCodingChallenge.xcdatamodeld */,
				3687DAC123370E4F00C1505C /* WheelsCodingChallenge-Bridging-Header.h */,
			);
			path = Miscellaneous;
			sourceTree = "<group>";
		};
		3687DAB9233662DA00C1505C /* Users */ = {
			isa = PBXGroup;
			children = (
				3646A3522335AAAE00429C76 /* UsersViewController.swift */,
				3687DABE2336E83A00C1505C /* UsersTableViewCell.swift */,
				3687DABA233662FB00C1505C /* UsersTableViewController.swift */,
				3646A3542335AAAE00429C76 /* Main.storyboard */,
			);
			path = Users;
			sourceTree = "<group>";
		};
		3687DAC023370E1E00C1505C /* AddUser */ = {
			isa = PBXGroup;
			children = (
				3687DAC223370E4F00C1505C /* AddUserViewController.h */,
				3687DAC323370E4F00C1505C /* AddUserViewController.m */,
			);
			path = AddUser;
			sourceTree = "<group>";
		};
		C5BD1650CD286D916F1F239A /* Frameworks */ = {
			isa = PBXGroup;
			children = (
				269BE978AAD81B1E237C9F61 /* Pods_WheelsCodingChallenge.framework */,
				15266823BC157ADB42617227 /* libPods-WheelsCodingChallengeTests.a */,
				F7B8544DFB480155F85C9565 /* libPods-WheelsCodingChallengeUITests.a */,
			);
			name = Frameworks;
			sourceTree = "<group>";
		};
		EDDFB25E9B81B8E2626EEFBB /* Pods */ = {
			isa = PBXGroup;
			children = (
				43D3868D362D695444BCB1E8 /* Pods-WheelsCodingChallenge.debug.xcconfig */,
				5B9B33EC280496200EA5C3B6 /* Pods-WheelsCodingChallenge.release.xcconfig */,
				FA8BB7B36BC84B2CCA88EB93 /* Pods-WheelsCodingChallengeTests.debug.xcconfig */,
				45AF77B220A59C63AA182B19 /* Pods-WheelsCodingChallengeTests.release.xcconfig */,
				F8ADCCDD9EBC2001B60739A4 /* Pods-WheelsCodingChallengeUITests.debug.xcconfig */,
				27CFBADE1FC7BD9B38ADBB01 /* Pods-WheelsCodingChallengeUITests.release.xcconfig */,
			);
			path = Pods;
			sourceTree = "<group>";
		};
/* End PBXGroup section */

/* Begin PBXNativeTarget section */
		3646A34C2335AAAE00429C76 /* WheelsCodingChallenge */ = {
			isa = PBXNativeTarget;
			buildConfigurationList = 3646A3782335AAAE00429C76 /* Build configuration list for PBXNativeTarget "WheelsCodingChallenge" */;
			buildPhases = (
				C31AEFDEA1CAE9660DB3E33B /* [CP] Check Pods Manifest.lock */,
				3646A3492335AAAE00429C76 /* Sources */,
				3646A34A2335AAAE00429C76 /* Frameworks */,
				3646A34B2335AAAE00429C76 /* Resources */,
				44FD62CC83D5F80D16ECE75F /* [CP] Embed Pods Frameworks */,
			);
			buildRules = (
			);
			dependencies = (
			);
			name = WheelsCodingChallenge;
			productName = WheelsCodingChallenge;
			productReference = 3646A34D2335AAAE00429C76 /* WheelsCodingChallenge.app */;
			productType = "com.apple.product-type.application";
		};
		3646A3632335AAAE00429C76 /* WheelsCodingChallengeTests */ = {
			isa = PBXNativeTarget;
			buildConfigurationList = 3646A37B2335AAAE00429C76 /* Build configuration list for PBXNativeTarget "WheelsCodingChallengeTests" */;
			buildPhases = (
				43168A71F7648575E2E4FCB8 /* [CP] Check Pods Manifest.lock */,
				3646A3602335AAAE00429C76 /* Sources */,
				3646A3612335AAAE00429C76 /* Frameworks */,
				3646A3622335AAAE00429C76 /* Resources */,
			);
			buildRules = (
			);
			dependencies = (
				3646A3662335AAAE00429C76 /* PBXTargetDependency */,
			);
			name = WheelsCodingChallengeTests;
			productName = WheelsCodingChallengeTests;
			productReference = 3646A3642335AAAE00429C76 /* WheelsCodingChallengeTests.xctest */;
			productType = "com.apple.product-type.bundle.unit-test";
		};
		3646A36E2335AAAE00429C76 /* WheelsCodingChallengeUITests */ = {
			isa = PBXNativeTarget;
			buildConfigurationList = 3646A37E2335AAAE00429C76 /* Build configuration list for PBXNativeTarget "WheelsCodingChallengeUITests" */;
			buildPhases = (
				7E4D6139527914132ADCD474 /* [CP] Check Pods Manifest.lock */,
				3646A36B2335AAAE00429C76 /* Sources */,
				3646A36C2335AAAE00429C76 /* Frameworks */,
				3646A36D2335AAAE00429C76 /* Resources */,
			);
			buildRules = (
			);
			dependencies = (
				3646A3712335AAAE00429C76 /* PBXTargetDependency */,
			);
			name = WheelsCodingChallengeUITests;
			productName = WheelsCodingChallengeUITests;
			productReference = 3646A36F2335AAAE00429C76 /* WheelsCodingChallengeUITests.xctest */;
			productType = "com.apple.product-type.bundle.ui-testing";
		};
/* End PBXNativeTarget section */

/* Begin PBXProject section */
		3646A3452335AAAE00429C76 /* Project object */ = {
			isa = PBXProject;
			attributes = {
				LastSwiftUpdateCheck = 1020;
				LastUpgradeCheck = 1020;
				ORGANIZATIONNAME = "Kevin E. Rafferty II";
				TargetAttributes = {
					3646A34C2335AAAE00429C76 = {
						CreatedOnToolsVersion = 10.2.1;
						LastSwiftMigration = 1020;
					};
					3646A3632335AAAE00429C76 = {
						CreatedOnToolsVersion = 10.2.1;
						TestTargetID = 3646A34C2335AAAE00429C76;
					};
					3646A36E2335AAAE00429C76 = {
						CreatedOnToolsVersion = 10.2.1;
						TestTargetID = 3646A34C2335AAAE00429C76;
					};
				};
			};
			buildConfigurationList = 3646A3482335AAAE00429C76 /* Build configuration list for PBXProject "WheelsCodingChallenge" */;
			compatibilityVersion = "Xcode 9.3";
			developmentRegion = en;
			hasScannedForEncodings = 0;
			knownRegions = (
				en,
				Base,
			);
			mainGroup = 3646A3442335AAAE00429C76;
			productRefGroup = 3646A34E2335AAAE00429C76 /* Products */;
			projectDirPath = "";
			projectRoot = "";
			targets = (
				3646A34C2335AAAE00429C76 /* WheelsCodingChallenge */,
				3646A3632335AAAE00429C76 /* WheelsCodingChallengeTests */,
				3646A36E2335AAAE00429C76 /* WheelsCodingChallengeUITests */,
			);
		};
/* End PBXProject section */

/* Begin PBXResourcesBuildPhase section */
		3646A34B2335AAAE00429C76 /* Resources */ = {
			isa = PBXResourcesBuildPhase;
			buildActionMask = 2147483647;
			files = (
				3646A35E2335AAAE00429C76 /* LaunchScreen.storyboard in Resources */,
				3646A35B2335AAAE00429C76 /* Assets.xcassets in Resources */,
				3646A3562335AAAE00429C76 /* Main.storyboard in Resources */,
			);
			runOnlyForDeploymentPostprocessing = 0;
		};
		3646A3622335AAAE00429C76 /* Resources */ = {
			isa = PBXResourcesBuildPhase;
			buildActionMask = 2147483647;
			files = (
			);
			runOnlyForDeploymentPostprocessing = 0;
		};
		3646A36D2335AAAE00429C76 /* Resources */ = {
			isa = PBXResourcesBuildPhase;
			buildActionMask = 2147483647;
			files = (
			);
			runOnlyForDeploymentPostprocessing = 0;
		};
/* End PBXResourcesBuildPhase section */

/* Begin PBXShellScriptBuildPhase section */
		43168A71F7648575E2E4FCB8 /* [CP] Check Pods Manifest.lock */ = {
			isa = PBXShellScriptBuildPhase;
			buildActionMask = 2147483647;
			files = (
			);
			inputFileListPaths = (
			);
			inputPaths = (
				"${PODS_PODFILE_DIR_PATH}/Podfile.lock",
				"${PODS_ROOT}/Manifest.lock",
			);
			name = "[CP] Check Pods Manifest.lock";
			outputFileListPaths = (
			);
			outputPaths = (
				"$(DERIVED_FILE_DIR)/Pods-WheelsCodingChallengeTests-checkManifestLockResult.txt",
			);
			runOnlyForDeploymentPostprocessing = 0;
			shellPath = /bin/sh;
			shellScript = "diff \"${PODS_PODFILE_DIR_PATH}/Podfile.lock\" \"${PODS_ROOT}/Manifest.lock\" > /dev/null\nif [ $? != 0 ] ; then\n    # print error to STDERR\n    echo \"error: The sandbox is not in sync with the Podfile.lock. Run 'pod install' or update your CocoaPods installation.\" >&2\n    exit 1\nfi\n# This output is used by Xcode 'outputs' to avoid re-running this script phase.\necho \"SUCCESS\" > \"${SCRIPT_OUTPUT_FILE_0}\"\n";
			showEnvVarsInLog = 0;
		};
		44FD62CC83D5F80D16ECE75F /* [CP] Embed Pods Frameworks */ = {
			isa = PBXShellScriptBuildPhase;
			buildActionMask = 2147483647;
			files = (
			);
			inputFileListPaths = (
				"${PODS_ROOT}/Target Support Files/Pods-WheelsCodingChallenge/Pods-WheelsCodingChallenge-frameworks-${CONFIGURATION}-input-files.xcfilelist",
			);
			name = "[CP] Embed Pods Frameworks";
			outputFileListPaths = (
				"${PODS_ROOT}/Target Support Files/Pods-WheelsCodingChallenge/Pods-WheelsCodingChallenge-frameworks-${CONFIGURATION}-output-files.xcfilelist",
			);
			runOnlyForDeploymentPostprocessing = 0;
			shellPath = /bin/sh;
			shellScript = "\"${PODS_ROOT}/Target Support Files/Pods-WheelsCodingChallenge/Pods-WheelsCodingChallenge-frameworks.sh\"\n";
			showEnvVarsInLog = 0;
		};
		7E4D6139527914132ADCD474 /* [CP] Check Pods Manifest.lock */ = {
			isa = PBXShellScriptBuildPhase;
			buildActionMask = 2147483647;
			files = (
			);
			inputFileListPaths = (
			);
			inputPaths = (
				"${PODS_PODFILE_DIR_PATH}/Podfile.lock",
				"${PODS_ROOT}/Manifest.lock",
			);
			name = "[CP] Check Pods Manifest.lock";
			outputFileListPaths = (
			);
			outputPaths = (
				"$(DERIVED_FILE_DIR)/Pods-WheelsCodingChallengeUITests-checkManifestLockResult.txt",
			);
			runOnlyForDeploymentPostprocessing = 0;
			shellPath = /bin/sh;
			shellScript = "diff \"${PODS_PODFILE_DIR_PATH}/Podfile.lock\" \"${PODS_ROOT}/Manifest.lock\" > /dev/null\nif [ $? != 0 ] ; then\n    # print error to STDERR\n    echo \"error: The sandbox is not in sync with the Podfile.lock. Run 'pod install' or update your CocoaPods installation.\" >&2\n    exit 1\nfi\n# This output is used by Xcode 'outputs' to avoid re-running this script phase.\necho \"SUCCESS\" > \"${SCRIPT_OUTPUT_FILE_0}\"\n";
			showEnvVarsInLog = 0;
		};
		C31AEFDEA1CAE9660DB3E33B /* [CP] Check Pods Manifest.lock */ = {
			isa = PBXShellScriptBuildPhase;
			buildActionMask = 2147483647;
			files = (
			);
			inputFileListPaths = (
			);
			inputPaths = (
				"${PODS_PODFILE_DIR_PATH}/Podfile.lock",
				"${PODS_ROOT}/Manifest.lock",
			);
			name = "[CP] Check Pods Manifest.lock";
			outputFileListPaths = (
			);
			outputPaths = (
				"$(DERIVED_FILE_DIR)/Pods-WheelsCodingChallenge-checkManifestLockResult.txt",
			);
			runOnlyForDeploymentPostprocessing = 0;
			shellPath = /bin/sh;
			shellScript = "diff \"${PODS_PODFILE_DIR_PATH}/Podfile.lock\" \"${PODS_ROOT}/Manifest.lock\" > /dev/null\nif [ $? != 0 ] ; then\n    # print error to STDERR\n    echo \"error: The sandbox is not in sync with the Podfile.lock. Run 'pod install' or update your CocoaPods installation.\" >&2\n    exit 1\nfi\n# This output is used by Xcode 'outputs' to avoid re-running this script phase.\necho \"SUCCESS\" > \"${SCRIPT_OUTPUT_FILE_0}\"\n";
			showEnvVarsInLog = 0;
		};
/* End PBXShellScriptBuildPhase section */

/* Begin PBXSourcesBuildPhase section */
		3646A3492335AAAE00429C76 /* Sources */ = {
			isa = PBXSourcesBuildPhase;
			buildActionMask = 2147483647;
			files = (
				363A92C52335B0B4000D5628 /* Networking.swift in Sources */,
				3687DAC423370E4F00C1505C /* AddUserViewController.m in Sources */,
				363A92C82335C0F9000D5628 /* Users.swift in Sources */,
				3687DABB233662FB00C1505C /* UsersTableViewController.swift in Sources */,
				3687DABF2336E83A00C1505C /* UsersTableViewCell.swift in Sources */,
				3646A3532335AAAE00429C76 /* UsersViewController.swift in Sources */,
				3646A3512335AAAE00429C76 /* AppDelegate.swift in Sources */,
				3687DAB82336618500C1505C /* WheelsCodingChallenge.xcdatamodeld in Sources */,
			);
			runOnlyForDeploymentPostprocessing = 0;
		};
		3646A3602335AAAE00429C76 /* Sources */ = {
			isa = PBXSourcesBuildPhase;
			buildActionMask = 2147483647;
			files = (
				3646A3692335AAAE00429C76 /* WheelsCodingChallengeTests.swift in Sources */,
			);
			runOnlyForDeploymentPostprocessing = 0;
		};
		3646A36B2335AAAE00429C76 /* Sources */ = {
			isa = PBXSourcesBuildPhase;
			buildActionMask = 2147483647;
			files = (
				3646A3742335AAAE00429C76 /* WheelsCodingChallengeUITests.swift in Sources */,
			);
			runOnlyForDeploymentPostprocessing = 0;
		};
/* End PBXSourcesBuildPhase section */

/* Begin PBXTargetDependency section */
		3646A3662335AAAE00429C76 /* PBXTargetDependency */ = {
			isa = PBXTargetDependency;
			target = 3646A34C2335AAAE00429C76 /* WheelsCodingChallenge */;
			targetProxy = 3646A3652335AAAE00429C76 /* PBXContainerItemProxy */;
		};
		3646A3712335AAAE00429C76 /* PBXTargetDependency */ = {
			isa = PBXTargetDependency;
			target = 3646A34C2335AAAE00429C76 /* WheelsCodingChallenge */;
			targetProxy = 3646A3702335AAAE00429C76 /* PBXContainerItemProxy */;
		};
/* End PBXTargetDependency section */

/* Begin PBXVariantGroup section */
		3646A3542335AAAE00429C76 /* Main.storyboard */ = {
			isa = PBXVariantGroup;
			children = (
				3646A3552335AAAE00429C76 /* Base */,
			);
			name = Main.storyboard;
			sourceTree = "<group>";
		};
		3646A35C2335AAAE00429C76 /* LaunchScreen.storyboard */ = {
			isa = PBXVariantGroup;
			children = (
				3646A35D2335AAAE00429C76 /* Base */,
			);
			name = LaunchScreen.storyboard;
			sourceTree = "<group>";
		};
/* End PBXVariantGroup section */

/* Begin XCBuildConfiguration section */
		3646A3762335AAAE00429C76 /* Debug */ = {
			isa = XCBuildConfiguration;
			buildSettings = {
				ALWAYS_SEARCH_USER_PATHS = NO;
				CLANG_ANALYZER_NONNULL = YES;
				CLANG_ANALYZER_NUMBER_OBJECT_CONVERSION = YES_AGGRESSIVE;
				CLANG_CXX_LANGUAGE_STANDARD = "gnu++14";
				CLANG_CXX_LIBRARY = "libc++";
				CLANG_ENABLE_MODULES = YES;
				CLANG_ENABLE_OBJC_ARC = YES;
				CLANG_ENABLE_OBJC_WEAK = YES;
				CLANG_WARN_BLOCK_CAPTURE_AUTORELEASING = YES;
				CLANG_WARN_BOOL_CONVERSION = YES;
				CLANG_WARN_COMMA = YES;
				CLANG_WARN_CONSTANT_CONVERSION = YES;
				CLANG_WARN_DEPRECATED_OBJC_IMPLEMENTATIONS = YES;
				CLANG_WARN_DIRECT_OBJC_ISA_USAGE = YES_ERROR;
				CLANG_WARN_DOCUMENTATION_COMMENTS = YES;
				CLANG_WARN_EMPTY_BODY = YES;
				CLANG_WARN_ENUM_CONVERSION = YES;
				CLANG_WARN_INFINITE_RECURSION = YES;
				CLANG_WARN_INT_CONVERSION = YES;
				CLANG_WARN_NON_LITERAL_NULL_CONVERSION = YES;
				CLANG_WARN_OBJC_IMPLICIT_RETAIN_SELF = YES;
				CLANG_WARN_OBJC_LITERAL_CONVERSION = YES;
				CLANG_WARN_OBJC_ROOT_CLASS = YES_ERROR;
				CLANG_WARN_RANGE_LOOP_ANALYSIS = YES;
				CLANG_WARN_STRICT_PROTOTYPES = YES;
				CLANG_WARN_SUSPICIOUS_MOVE = YES;
				CLANG_WARN_UNGUARDED_AVAILABILITY = YES_AGGRESSIVE;
				CLANG_WARN_UNREACHABLE_CODE = YES;
				CLANG_WARN__DUPLICATE_METHOD_MATCH = YES;
				CODE_SIGN_IDENTITY = "iPhone Developer";
				COPY_PHASE_STRIP = NO;
				DEBUG_INFORMATION_FORMAT = dwarf;
				ENABLE_STRICT_OBJC_MSGSEND = YES;
				ENABLE_TESTABILITY = YES;
				GCC_C_LANGUAGE_STANDARD = gnu11;
				GCC_DYNAMIC_NO_PIC = NO;
				GCC_NO_COMMON_BLOCKS = YES;
				GCC_OPTIMIZATION_LEVEL = 0;
				GCC_PREPROCESSOR_DEFINITIONS = (
					"DEBUG=1",
					"$(inherited)",
				);
				GCC_WARN_64_TO_32_BIT_CONVERSION = YES;
				GCC_WARN_ABOUT_RETURN_TYPE = YES_ERROR;
				GCC_WARN_UNDECLARED_SELECTOR = YES;
				GCC_WARN_UNINITIALIZED_AUTOS = YES_AGGRESSIVE;
				GCC_WARN_UNUSED_FUNCTION = YES;
				GCC_WARN_UNUSED_VARIABLE = YES;
				IPHONEOS_DEPLOYMENT_TARGET = 12.2;
				MTL_ENABLE_DEBUG_INFO = INCLUDE_SOURCE;
				MTL_FAST_MATH = YES;
				ONLY_ACTIVE_ARCH = YES;
				SDKROOT = iphoneos;
				SWIFT_ACTIVE_COMPILATION_CONDITIONS = DEBUG;
				SWIFT_OPTIMIZATION_LEVEL = "-Onone";
			};
			name = Debug;
		};
		3646A3772335AAAE00429C76 /* Release */ = {
			isa = XCBuildConfiguration;
			buildSettings = {
				ALWAYS_SEARCH_USER_PATHS = NO;
				CLANG_ANALYZER_NONNULL = YES;
				CLANG_ANALYZER_NUMBER_OBJECT_CONVERSION = YES_AGGRESSIVE;
				CLANG_CXX_LANGUAGE_STANDARD = "gnu++14";
				CLANG_CXX_LIBRARY = "libc++";
				CLANG_ENABLE_MODULES = YES;
				CLANG_ENABLE_OBJC_ARC = YES;
				CLANG_ENABLE_OBJC_WEAK = YES;
				CLANG_WARN_BLOCK_CAPTURE_AUTORELEASING = YES;
				CLANG_WARN_BOOL_CONVERSION = YES;
				CLANG_WARN_COMMA = YES;
				CLANG_WARN_CONSTANT_CONVERSION = YES;
				CLANG_WARN_DEPRECATED_OBJC_IMPLEMENTATIONS = YES;
				CLANG_WARN_DIRECT_OBJC_ISA_USAGE = YES_ERROR;
				CLANG_WARN_DOCUMENTATION_COMMENTS = YES;
				CLANG_WARN_EMPTY_BODY = YES;
				CLANG_WARN_ENUM_CONVERSION = YES;
				CLANG_WARN_INFINITE_RECURSION = YES;
				CLANG_WARN_INT_CONVERSION = YES;
				CLANG_WARN_NON_LITERAL_NULL_CONVERSION = YES;
				CLANG_WARN_OBJC_IMPLICIT_RETAIN_SELF = YES;
				CLANG_WARN_OBJC_LITERAL_CONVERSION = YES;
				CLANG_WARN_OBJC_ROOT_CLASS = YES_ERROR;
				CLANG_WARN_RANGE_LOOP_ANALYSIS = YES;
				CLANG_WARN_STRICT_PROTOTYPES = YES;
				CLANG_WARN_SUSPICIOUS_MOVE = YES;
				CLANG_WARN_UNGUARDED_AVAILABILITY = YES_AGGRESSIVE;
				CLANG_WARN_UNREACHABLE_CODE = YES;
				CLANG_WARN__DUPLICATE_METHOD_MATCH = YES;
				CODE_SIGN_IDENTITY = "iPhone Developer";
				COPY_PHASE_STRIP = NO;
				DEBUG_INFORMATION_FORMAT = "dwarf-with-dsym";
				ENABLE_NS_ASSERTIONS = NO;
				ENABLE_STRICT_OBJC_MSGSEND = YES;
				GCC_C_LANGUAGE_STANDARD = gnu11;
				GCC_NO_COMMON_BLOCKS = YES;
				GCC_WARN_64_TO_32_BIT_CONVERSION = YES;
				GCC_WARN_ABOUT_RETURN_TYPE = YES_ERROR;
				GCC_WARN_UNDECLARED_SELECTOR = YES;
				GCC_WARN_UNINITIALIZED_AUTOS = YES_AGGRESSIVE;
				GCC_WARN_UNUSED_FUNCTION = YES;
				GCC_WARN_UNUSED_VARIABLE = YES;
				IPHONEOS_DEPLOYMENT_TARGET = 12.2;
				MTL_ENABLE_DEBUG_INFO = NO;
				MTL_FAST_MATH = YES;
				SDKROOT = iphoneos;
				SWIFT_COMPILATION_MODE = wholemodule;
				SWIFT_OPTIMIZATION_LEVEL = "-O";
				VALIDATE_PRODUCT = YES;
			};
			name = Release;
		};
		3646A3792335AAAE00429C76 /* Debug */ = {
			isa = XCBuildConfiguration;
			baseConfigurationReference = 43D3868D362D695444BCB1E8 /* Pods-WheelsCodingChallenge.debug.xcconfig */;
			buildSettings = {
				ASSETCATALOG_COMPILER_APPICON_NAME = AppIcon;
				CLANG_ENABLE_MODULES = YES;
				CODE_SIGN_STYLE = Automatic;
				INFOPLIST_FILE = WheelsCodingChallenge/Miscellaneous/Info.plist;
				IPHONEOS_DEPLOYMENT_TARGET = 10.0;
				LD_RUNPATH_SEARCH_PATHS = (
					"$(inherited)",
					"@executable_path/Frameworks",
				);
				PRODUCT_BUNDLE_IDENTIFIER = com.wheels.WheelsCodingChallenge;
				PRODUCT_NAME = "$(TARGET_NAME)";
				SWIFT_OBJC_BRIDGING_HEADER = "WheelsCodingChallenge/Miscellaneous/WheelsCodingChallenge-Bridging-Header.h";
				SWIFT_OPTIMIZATION_LEVEL = "-Onone";
				SWIFT_VERSION = 5.0;
				TARGETED_DEVICE_FAMILY = "1,2";
			};
			name = Debug;
		};
		3646A37A2335AAAE00429C76 /* Release */ = {
			isa = XCBuildConfiguration;
			baseConfigurationReference = 5B9B33EC280496200EA5C3B6 /* Pods-WheelsCodingChallenge.release.xcconfig */;
			buildSettings = {
				ASSETCATALOG_COMPILER_APPICON_NAME = AppIcon;
				CLANG_ENABLE_MODULES = YES;
				CODE_SIGN_STYLE = Automatic;
				INFOPLIST_FILE = WheelsCodingChallenge/Miscellaneous/Info.plist;
				IPHONEOS_DEPLOYMENT_TARGET = 10.0;
				LD_RUNPATH_SEARCH_PATHS = (
					"$(inherited)",
					"@executable_path/Frameworks",
				);
				PRODUCT_BUNDLE_IDENTIFIER = com.wheels.WheelsCodingChallenge;
				PRODUCT_NAME = "$(TARGET_NAME)";
				SWIFT_OBJC_BRIDGING_HEADER = "WheelsCodingChallenge/Miscellaneous/WheelsCodingChallenge-Bridging-Header.h";
				SWIFT_VERSION = 5.0;
				TARGETED_DEVICE_FAMILY = "1,2";
			};
			name = Release;
		};
		3646A37C2335AAAE00429C76 /* Debug */ = {
			isa = XCBuildConfiguration;
			baseConfigurationReference = FA8BB7B36BC84B2CCA88EB93 /* Pods-WheelsCodingChallengeTests.debug.xcconfig */;
			buildSettings = {
				ALWAYS_EMBED_SWIFT_STANDARD_LIBRARIES = YES;
				BUNDLE_LOADER = "$(TEST_HOST)";
				CODE_SIGN_STYLE = Automatic;
				INFOPLIST_FILE = WheelsCodingChallengeTests/Info.plist;
				LD_RUNPATH_SEARCH_PATHS = (
					"$(inherited)",
					"@executable_path/Frameworks",
					"@loader_path/Frameworks",
				);
				PRODUCT_BUNDLE_IDENTIFIER = com.wheels.WheelsCodingChallengeTests;
				PRODUCT_NAME = "$(TARGET_NAME)";
				SWIFT_VERSION = 5.0;
				TARGETED_DEVICE_FAMILY = "1,2";
				TEST_HOST = "$(BUILT_PRODUCTS_DIR)/WheelsCodingChallenge.app/WheelsCodingChallenge";
			};
			name = Debug;
		};
		3646A37D2335AAAE00429C76 /* Release */ = {
			isa = XCBuildConfiguration;
			baseConfigurationReference = 45AF77B220A59C63AA182B19 /* Pods-WheelsCodingChallengeTests.release.xcconfig */;
			buildSettings = {
				ALWAYS_EMBED_SWIFT_STANDARD_LIBRARIES = YES;
				BUNDLE_LOADER = "$(TEST_HOST)";
				CODE_SIGN_STYLE = Automatic;
				INFOPLIST_FILE = WheelsCodingChallengeTests/Info.plist;
				LD_RUNPATH_SEARCH_PATHS = (
					"$(inherited)",
					"@executable_path/Frameworks",
					"@loader_path/Frameworks",
				);
				PRODUCT_BUNDLE_IDENTIFIER = com.wheels.WheelsCodingChallengeTests;
				PRODUCT_NAME = "$(TARGET_NAME)";
				SWIFT_VERSION = 5.0;
				TARGETED_DEVICE_FAMILY = "1,2";
				TEST_HOST = "$(BUILT_PRODUCTS_DIR)/WheelsCodingChallenge.app/WheelsCodingChallenge";
			};
			name = Release;
		};
		3646A37F2335AAAE00429C76 /* Debug */ = {
			isa = XCBuildConfiguration;
			baseConfigurationReference = F8ADCCDD9EBC2001B60739A4 /* Pods-WheelsCodingChallengeUITests.debug.xcconfig */;
			buildSettings = {
				ALWAYS_EMBED_SWIFT_STANDARD_LIBRARIES = YES;
				CODE_SIGN_STYLE = Automatic;
				INFOPLIST_FILE = WheelsCodingChallengeUITests/Info.plist;
				LD_RUNPATH_SEARCH_PATHS = (
					"$(inherited)",
					"@executable_path/Frameworks",
					"@loader_path/Frameworks",
				);
				PRODUCT_BUNDLE_IDENTIFIER = com.wheels.WheelsCodingChallengeUITests;
				PRODUCT_NAME = "$(TARGET_NAME)";
				SWIFT_VERSION = 5.0;
				TARGETED_DEVICE_FAMILY = "1,2";
				TEST_TARGET_NAME = WheelsCodingChallenge;
			};
			name = Debug;
		};
		3646A3802335AAAE00429C76 /* Release */ = {
			isa = XCBuildConfiguration;
			baseConfigurationReference = 27CFBADE1FC7BD9B38ADBB01 /* Pods-WheelsCodingChallengeUITests.release.xcconfig */;
			buildSettings = {
				ALWAYS_EMBED_SWIFT_STANDARD_LIBRARIES = YES;
				CODE_SIGN_STYLE = Automatic;
				INFOPLIST_FILE = WheelsCodingChallengeUITests/Info.plist;
				LD_RUNPATH_SEARCH_PATHS = (
					"$(inherited)",
					"@executable_path/Frameworks",
					"@loader_path/Frameworks",
				);
				PRODUCT_BUNDLE_IDENTIFIER = com.wheels.WheelsCodingChallengeUITests;
				PRODUCT_NAME = "$(TARGET_NAME)";
				SWIFT_VERSION = 5.0;
				TARGETED_DEVICE_FAMILY = "1,2";
				TEST_TARGET_NAME = WheelsCodingChallenge;
			};
			name = Release;
		};
/* End XCBuildConfiguration section */

/* Begin XCConfigurationList section */
		3646A3482335AAAE00429C76 /* Build configuration list for PBXProject "WheelsCodingChallenge" */ = {
			isa = XCConfigurationList;
			buildConfigurations = (
				3646A3762335AAAE00429C76 /* Debug */,
				3646A3772335AAAE00429C76 /* Release */,
			);
			defaultConfigurationIsVisible = 0;
			defaultConfigurationName = Release;
		};
		3646A3782335AAAE00429C76 /* Build configuration list for PBXNativeTarget "WheelsCodingChallenge" */ = {
			isa = XCConfigurationList;
			buildConfigurations = (
				3646A3792335AAAE00429C76 /* Debug */,
				3646A37A2335AAAE00429C76 /* Release */,
			);
			defaultConfigurationIsVisible = 0;
			defaultConfigurationName = Release;
		};
		3646A37B2335AAAE00429C76 /* Build configuration list for PBXNativeTarget "WheelsCodingChallengeTests" */ = {
			isa = XCConfigurationList;
			buildConfigurations = (
				3646A37C2335AAAE00429C76 /* Debug */,
				3646A37D2335AAAE00429C76 /* Release */,
			);
			defaultConfigurationIsVisible = 0;
			defaultConfigurationName = Release;
		};
		3646A37E2335AAAE00429C76 /* Build configuration list for PBXNativeTarget "WheelsCodingChallengeUITests" */ = {
			isa = XCConfigurationList;
			buildConfigurations = (
				3646A37F2335AAAE00429C76 /* Debug */,
				3646A3802335AAAE00429C76 /* Release */,
			);
			defaultConfigurationIsVisible = 0;
			defaultConfigurationName = Release;
		};
/* End XCConfigurationList section */

/* Begin XCVersionGroup section */
		3687DAB62336618400C1505C /* WheelsCodingChallenge.xcdatamodeld */ = {
			isa = XCVersionGroup;
			children = (
				3687DAB72336618500C1505C /* WheelsCodingChallenge.xcdatamodel */,
			);
			currentVersion = 3687DAB72336618500C1505C /* WheelsCodingChallenge.xcdatamodel */;
			path = WheelsCodingChallenge.xcdatamodeld;
			sourceTree = "<group>";
			versionGroupType = wrapper.xcdatamodel;
		};
/* End XCVersionGroup section */
	};
	rootObject = 3646A3452335AAAE00429C76 /* Project object */;
}
